
Microsoft Visual Studio Solution File, Format Version 12.00
# Visual Studio Version 17
VisualStudioVersion = 17.5.33516.290
MinimumVisualStudioVersion = 10.0.40219.1
Project("{FAE04EC0-301F-11D3-BF4B-00C04F79EFBC}") = "AutomaticAssessmentSurvey", "AutomaticAssessmentSurvey\AutomaticAssessmentSurvey.csproj", "{F75632BF-9238-42CE-9D17-D09B0F56243B}"
EndProject
Project("{54435603-DBB4-11D2-8724-00A0C9A8B90C}") = "AutoSurvey", "AutoSurvey\AutoSurvey.vdproj", "{AB2C7DB5-4080-4BF6-9E94-2EEAC7FA9711}"
EndProject
Global
	GlobalSection(SolutionConfigurationPlatforms) = preSolution
		Debug|Any CPU = Debug|Any CPU
		Release|Any CPU = Release|Any CPU
	EndGlobalSection
	GlobalSection(ProjectConfigurationPlatforms) = postSolution
		{F75632BF-9238-42CE-9D17-D09B0F56243B}.Debug|Any CPU.ActiveCfg = Debug|Any CPU
		{F75632BF-9238-42CE-9D17-D09B0F56243B}.Debug|Any CPU.Build.0 = Debug|Any CPU
		{F75632BF-9238-42CE-9D17-D09B0F56243B}.Release|Any CPU.ActiveCfg = Release|Any CPU
		{F75632BF-9238-42CE-9D17-D09B0F56243B}.Release|Any CPU.Build.0 = Release|Any CPU
		{AB2C7DB5-4080-4BF6-9E94-2EEAC7FA9711}.Debug|Any CPU.ActiveCfg = Debug
		{AB2C7DB5-4080-4BF6-9E94-2EEAC7FA9711}.Release|Any CPU.ActiveCfg = Release
	EndGlobalSection
	GlobalSection(SolutionProperties) = preSolution
		HideSolutionNode = FALSE
	EndGlobalSection
	GlobalSection(ExtensibilityGlobals) = postSolution
		SolutionGuid = {0149DF73-6636-485E-B443-9AFD82D6F8EC}
	EndGlobalSection
EndGlobal
